
Microsoft Visual Studio Solution File, Format Version 12.00
# Visual Studio Version 17
VisualStudioVersion = 17.4.33213.308
MinimumVisualStudioVersion = 10.0.40219.1
Project("{FAE04EC0-301F-11D3-BF4B-00C04F79EFBC}") = "Osztaly_Konyv", "Osztaly_Konyv\Osztaly_Konyv.csproj", "{AC4AAEC1-FEBD-40FF-9350-D15C353DA3C2}"
EndProject
Global
	GlobalSection(SolutionConfigurationPlatforms) = preSolution
		Debug|Any CPU = Debug|Any CPU
		Release|Any CPU = Release|Any CPU
	EndGlobalSection
	GlobalSection(ProjectConfigurationPlatforms) = postSolution
		{AC4AAEC1-FEBD-40FF-9350-D15C353DA3C2}.Debug|Any CPU.ActiveCfg = Debug|Any CPU
		{AC4AAEC1-FEBD-40FF-9350-D15C353DA3C2}.Debug|Any CPU.Build.0 = Debug|Any CPU
		{AC4AAEC1-FEBD-40FF-9350-D15C353DA3C2}.Release|Any CPU.ActiveCfg = Release|Any CPU
		{AC4AAEC1-FEBD-40FF-9350-D15C353DA3C2}.Release|Any CPU.Build.0 = Release|Any CPU
	EndGlobalSection
	GlobalSection(SolutionProperties) = preSolution
		HideSolutionNode = FALSE
	EndGlobalSection
	GlobalSection(ExtensibilityGlobals) = postSolution
		SolutionGuid = {1D67C18B-69A4-4E27-B04E-A77DC4B1EE61}
	EndGlobalSection
EndGlobal
